# THIS IS AN AUTOGENERATED FILE. DO NOT EDIT THIS FILE DIRECTLY.
# yarn lockfile v1


dashify@^2.0.0:
  version "2.0.0"
  resolved "https://registry.yarnpkg.com/dashify/-/dashify-2.0.0.tgz#fff270ca2868ca427fee571de35691d6e437a648"
  integrity sha512-hpA5C/YrPjucXypHPPc0oJ1l9Hf6wWbiOL7Ik42cxnsUOhWiCB/fylKbKqqJalW9FgkNQCw16YO8uW9Hs0Iy1A==
