lockfileVersion: 5.3

specifiers:
  '@types/node': ^18.11.18
  buffer: ^6.0.3
  esbuild: ^0.16.16
  esbuild-runner: ^2.2.2
  usb: ^2.6.0

dependencies:
  buffer: 6.0.3
  usb: 2.6.0

devDependencies:
  '@types/node': 18.11.18
  esbuild: 0.16.16
  esbuild-runner: 2.2.2_esbuild@0.16.16

packages:

  /@esbuild/android-arm/0.16.16:
    resolution: {integrity: sha512-BUuWMlt4WSXod1HSl7aGK8fJOsi+Tab/M0IDK1V1/GstzoOpqc/v3DqmN8MkuapPKQ9Br1WtLAN4uEgWR8x64A==}
    engines: {node: '>=12'}
    cpu: [arm]
    os: [android]
    dev: true
    optional: true

  /@esbuild/android-arm64/0.16.16:
    resolution: {integrity: sha512-hFHVAzUKp9Tf8psGq+bDVv+6hTy1bAOoV/jJMUWwhUnIHsh6WbFMhw0ZTkqDuh7TdpffFoHOiIOIxmHc7oYRBQ==}
    engines: {node: '>=12'}
    cpu: [arm64]
    os: [android]
    dev: true
    optional: true

  /@esbuild/android-x64/0.16.16:
    resolution: {integrity: sha512-9WhxJpeb6XumlfivldxqmkJepEcELekmSw3NkGrs+Edq6sS5KRxtUBQuKYDD7KqP59dDkxVbaoPIQFKWQG0KLg==}
    engines: {node: '>=12'}
    cpu: [x64]
    os: [android]
    dev: true
    optional: true

  /@esbuild/darwin-arm64/0.16.16:
    resolution: {integrity: sha512-8Z+wld+vr/prHPi2O0X7o1zQOfMbXWGAw9hT0jEyU/l/Yrg+0Z3FO9pjPho72dVkZs4ewZk0bDOFLdZHm8jEfw==}
    engines: {node: '>=12'}
    cpu: [arm64]
    os: [darwin]
    dev: true
    optional: true

  /@esbuild/darwin-x64/0.16.16:
    resolution: {integrity: sha512-CYkxVvkZzGCqFrt7EgjFxQKhlUPyDkuR9P0Y5wEcmJqVI8ncerOIY5Kej52MhZyzOBXkYrJgZeVZC9xXXoEg9A==}
    engines: {node: '>=12'}
    cpu: [x64]
    os: [darwin]
    dev: true
    optional: true

  /@esbuild/freebsd-arm64/0.16.16:
    resolution: {integrity: sha512-fxrw4BYqQ39z/3Ja9xj/a1gMsVq0xEjhSyI4a9MjfvDDD8fUV8IYliac96i7tzZc3+VytyXX+XNsnpEk5sw5Wg==}
    engines: {node: '>=12'}
    cpu: [arm64]
    os: [freebsd]
    dev: true
    optional: true

  /@esbuild/freebsd-x64/0.16.16:
    resolution: {integrity: sha512-8p3v1D+du2jiDvSoNVimHhj7leSfST9YlKsAEO7etBfuqjaBMndo0fmjNLp0JCMld+XIx9L80tooOkyUv1a1PQ==}
    engines: {node: '>=12'}
    cpu: [x64]
    os: [freebsd]
    dev: true
    optional: true

  /@esbuild/linux-arm/0.16.16:
    resolution: {integrity: sha512-bYaocE1/PTMRmkgSckZ0D0Xn2nox8v2qlk+MVVqm+VECNKDdZvghVZtH41dNtBbwADSvA6qkCHGYeWm9LrNCBw==}
    engines: {node: '>=12'}
    cpu: [arm]
    os: [linux]
    dev: true
    optional: true

  /@esbuild/linux-arm64/0.16.16:
    resolution: {integrity: sha512-N3u6BBbCVY3xeP2D8Db7QY8I+nZ+2AgOopUIqk+5yCoLnsWkcVxD2ay5E9iIdvApFi1Vg1lZiiwaVp8bOpAc4A==}
    engines: {node: '>=12'}
    cpu: [arm64]
    os: [linux]
    dev: true
    optional: true

  /@esbuild/linux-ia32/0.16.16:
    resolution: {integrity: sha512-dxjqLKUW8GqGemoRT9v8IgHk+T4tRm1rn1gUcArsp26W9EkK/27VSjBVUXhEG5NInHZ92JaQ3SSMdTwv/r9a2A==}
    engines: {node: '>=12'}
    cpu: [ia32]
    os: [linux]
    dev: true
    optional: true

  /@esbuild/linux-loong64/0.16.16:
    resolution: {integrity: sha512-MdUFggHjRiCCwNE9+1AibewoNq6wf94GLB9Q9aXwl+a75UlRmbRK3h6WJyrSGA6ZstDJgaD2wiTSP7tQNUYxwA==}
    engines: {node: '>=12'}
    cpu: [loong64]
    os: [linux]
    dev: true
    optional: true

  /@esbuild/linux-mips64el/0.16.16:
    resolution: {integrity: sha512-CO3YmO7jYMlGqGoeFeKzdwx/bx8Vtq/SZaMAi+ZLDUnDUdfC7GmGwXzIwDJ70Sg+P9pAemjJyJ1icKJ9R3q/Fg==}
    engines: {node: '>=12'}
    cpu: [mips64el]
    os: [linux]
    dev: true
    optional: true

  /@esbuild/linux-ppc64/0.16.16:
    resolution: {integrity: sha512-DSl5Czh5hCy/7azX0Wl9IdzPHX2H8clC6G87tBnZnzUpNgRxPFhfmArbaHoAysu4JfqCqbB/33u/GL9dUgCBAw==}
    engines: {node: '>=12'}
    cpu: [ppc64]
    os: [linux]
    dev: true
    optional: true

  /@esbuild/linux-riscv64/0.16.16:
    resolution: {integrity: sha512-sSVVMEXsqf1fQu0j7kkhXMViroixU5XoaJXl1u/u+jbXvvhhCt9YvA/B6VM3aM/77HuRQ94neS5bcisijGnKFQ==}
    engines: {node: '>=12'}
    cpu: [riscv64]
    os: [linux]
    dev: true
    optional: true

  /@esbuild/linux-s390x/0.16.16:
    resolution: {integrity: sha512-jRqBCre9gZGoCdCN/UWCCMwCMsOg65IpY9Pyj56mKCF5zXy9d60kkNRdDN6YXGjr3rzcC4DXnS/kQVCGcC4yPQ==}
    engines: {node: '>=12'}
    cpu: [s390x]
    os: [linux]
    dev: true
    optional: true

  /@esbuild/linux-x64/0.16.16:
    resolution: {integrity: sha512-G1+09TopOzo59/55lk5Q0UokghYLyHTKKzD5lXsAOOlGDbieGEFJpJBr3BLDbf7cz89KX04sBeExAR/pL/26sA==}
    engines: {node: '>=12'}
    cpu: [x64]
    os: [linux]
    dev: true
    optional: true

  /@esbuild/netbsd-x64/0.16.16:
    resolution: {integrity: sha512-xwjGJB5wwDEujLaJIrSMRqWkbigALpBNcsF9SqszoNKc+wY4kPTdKrSxiY5ik3IatojePP+WV108MvF6q6np4w==}
    engines: {node: '>=12'}
    cpu: [x64]
    os: [netbsd]
    dev: true
    optional: true

  /@esbuild/openbsd-x64/0.16.16:
    resolution: {integrity: sha512-yeERkoxG2nR2oxO5n+Ms7MsCeNk23zrby2GXCqnfCpPp7KNc0vxaaacIxb21wPMfXXRhGBrNP4YLIupUBrWdlg==}
    engines: {node: '>=12'}
    cpu: [x64]
    os: [openbsd]
    dev: true
    optional: true

  /@esbuild/sunos-x64/0.16.16:
    resolution: {integrity: sha512-nHfbEym0IObXPhtX6Va3H5GaKBty2kdhlAhKmyCj9u255ktAj0b1YACUs9j5H88NRn9cJCthD1Ik/k9wn8YKVg==}
    engines: {node: '>=12'}
    cpu: [x64]
    os: [sunos]
    dev: true
    optional: true

  /@esbuild/win32-arm64/0.16.16:
    resolution: {integrity: sha512-pdD+M1ZOFy4hE15ZyPX09fd5g4DqbbL1wXGY90YmleVS6Y5YlraW4BvHjim/X/4yuCpTsAFvsT4Nca2lbyDH/A==}
    engines: {node: '>=12'}
    cpu: [arm64]
    os: [win32]
    dev: true
    optional: true

  /@esbuild/win32-ia32/0.16.16:
    resolution: {integrity: sha512-IPEMfU9p0c3Vb8PqxaPX6BM9rYwlTZGYOf9u+kMdhoILZkVKEjq6PKZO0lB+isojWwAnAqh4ZxshD96njTXajg==}
    engines: {node: '>=12'}
    cpu: [ia32]
    os: [win32]
    dev: true
    optional: true

  /@esbuild/win32-x64/0.16.16:
    resolution: {integrity: sha512-1YYpoJ39WV/2bnShPwgdzJklc+XS0bysN6Tpnt1cWPdeoKOG4RMEY1g7i534QxXX/rPvNx/NLJQTTCeORYzipg==}
    engines: {node: '>=12'}
    cpu: [x64]
    os: [win32]
    dev: true
    optional: true

  /@types/node/18.11.18:
    resolution: {integrity: sha512-DHQpWGjyQKSHj3ebjFI/wRKcqQcdR+MoFBygntYOZytCqNfkd2ZC4ARDJ2DQqhjH5p85Nnd3jhUJIXrszFX/JA==}
    dev: true

  /@types/w3c-web-usb/1.0.6:
    resolution: {integrity: sha512-cSjhgrr8g4KbPnnijAr/KJDNKa/bBa+ixYkywFRvrhvi9n1WEl7yYbtRyzE6jqNQiSxxJxoAW3STaOQwJHndaw==}
    dev: false

  /base64-js/1.5.1:
    resolution: {integrity: sha512-AKpaYlHn8t4SVbOHCy+b5+KKgvR4vrsD8vbvrbiQJps7fKDTkjkDry6ji0rUJjC0kzbNePLwzxq8iypo41qeWA==}
    dev: false

  /buffer-from/1.1.2:
    resolution: {integrity: sha512-E+XQCRwSbaaiChtv6k6Dwgc+bx+Bs6vuKJHHl5kox/BaKbhiXzqQOwK4cO22yElGp2OCmjwVhT3HmxgyPGnJfQ==}
    dev: true

  /buffer/6.0.3:
    resolution: {integrity: sha512-FTiCpNxtwiZZHEZbcbTIcZjERVICn9yq/pDFkTl95/AxzD1naBctN7YO68riM/gLSDY7sdrMby8hofADYuuqOA==}
    dependencies:
      base64-js: 1.5.1
      ieee754: 1.2.1
    dev: false

  /esbuild-runner/2.2.2_esbuild@0.16.16:
    resolution: {integrity: sha512-fRFVXcmYVmSmtYm2mL8RlUASt2TDkGh3uRcvHFOKNr/T58VrfVeKD9uT9nlgxk96u0LS0ehS/GY7Da/bXWKkhw==}
    hasBin: true
    peerDependencies:
      esbuild: '*'
    dependencies:
      esbuild: 0.16.16
      source-map-support: 0.5.21
      tslib: 2.4.0
    dev: true

  /esbuild/0.16.16:
    resolution: {integrity: sha512-24JyKq10KXM5EBIgPotYIJ2fInNWVVqflv3gicIyQqfmUqi4HvDW1VR790cBgLJHCl96Syy7lhoz7tLFcmuRmg==}
    engines: {node: '>=12'}
    hasBin: true
    requiresBuild: true
    optionalDependencies:
      '@esbuild/android-arm': 0.16.16
      '@esbuild/android-arm64': 0.16.16
      '@esbuild/android-x64': 0.16.16
      '@esbuild/darwin-arm64': 0.16.16
      '@esbuild/darwin-x64': 0.16.16
      '@esbuild/freebsd-arm64': 0.16.16
      '@esbuild/freebsd-x64': 0.16.16
      '@esbuild/linux-arm': 0.16.16
      '@esbuild/linux-arm64': 0.16.16
      '@esbuild/linux-ia32': 0.16.16
      '@esbuild/linux-loong64': 0.16.16
      '@esbuild/linux-mips64el': 0.16.16
      '@esbuild/linux-ppc64': 0.16.16
      '@esbuild/linux-riscv64': 0.16.16
      '@esbuild/linux-s390x': 0.16.16
      '@esbuild/linux-x64': 0.16.16
      '@esbuild/netbsd-x64': 0.16.16
      '@esbuild/openbsd-x64': 0.16.16
      '@esbuild/sunos-x64': 0.16.16
      '@esbuild/win32-arm64': 0.16.16
      '@esbuild/win32-ia32': 0.16.16
      '@esbuild/win32-x64': 0.16.16
    dev: true

  /ieee754/1.2.1:
    resolution: {integrity: sha512-dcyqhDvX1C46lXZcVqCpK+FtMRQVdIMN6/Df5js2zouUsqG7I6sFxitIC+7KYK29KdXOLHdu9zL4sFnoVQnqaA==}
    dev: false

  /node-addon-api/5.0.0:
    resolution: {integrity: sha512-CvkDw2OEnme7ybCykJpVcKH+uAOLV2qLqiyla128dN9TkEWfrYmxG6C2boDe5KcNQqZF3orkqzGgOMvZ/JNekA==}
    dev: false

  /node-gyp-build/4.6.0:
    resolution: {integrity: sha512-NTZVKn9IylLwUzaKjkas1e4u2DLNcV4rdYagA4PWdPwW87Bi7z+BznyKSRwS/761tV/lzCGXplWsiaMjLqP2zQ==}
    hasBin: true
    dev: false

  /source-map-support/0.5.21:
    resolution: {integrity: sha512-uBHU3L3czsIyYXKX88fdrGovxdSCoTGDRZ6SYXtSRxLZUzHg5P/66Ht6uoUlHu9EZod+inXhKo3qQgwXUT/y1w==}
    dependencies:
      buffer-from: 1.1.2
      source-map: 0.6.1
    dev: true

  /source-map/0.6.1:
    resolution: {integrity: sha512-UjgapumWlbMhkBgzT7Ykc5YXUT46F0iKu8SGXq0bcwP5dz/h0Plj6enJqjz1Zbq2l5WaqYnrVbwWOWMyF3F47g==}
    engines: {node: '>=0.10.0'}
    dev: true

  /tslib/2.4.0:
    resolution: {integrity: sha512-d6xOpEDfsi2CZVlPQzGeux8XMwLT9hssAsaPYExaQMuYskwb+x1x7J371tWlbBdWHroy99KnVB6qIkUbs5X3UQ==}
    dev: true

  /usb/2.6.0:
    resolution: {integrity: sha512-2FnACx4gy5K8R7nemeKr5UPe1veg/zq0v/ZD/3F+lVdLkpC84+cmy0xWvndh5mgvYYnOh11FkT46knRlSWFffw==}
    engines: {node: '>=10.20.0 <11.x || >=12.17.0 <13.0 || >=14.0.0'}
    requiresBuild: true
    dependencies:
      '@types/w3c-web-usb': 1.0.6
      node-addon-api: 5.0.0
      node-gyp-build: 4.6.0
    dev: false
